
Microsoft Visual Studio Solution File, Format Version 12.00
# Visual Studio Version 17
VisualStudioVersion = 17.1.32210.238
MinimumVisualStudioVersion = 10.0.40219.1
Project("{9A19103F-16F7-4668-BE54-9A1E7A4F7556}") = "AMS", "AMS\AMS.csproj", "{4E89C012-B3E2-425F-9EAA-05B21D91E86D}"
EndProject
Global
	GlobalSection(SolutionConfigurationPlatforms) = preSolution
		Debug|Any CPU = Debug|Any CPU
		Release|Any CPU = Release|Any CPU
	EndGlobalSection
	GlobalSection(ProjectConfigurationPlatforms) = postSolution
		{4E89C012-B3E2-425F-9EAA-05B21D91E86D}.Debug|Any CPU.ActiveCfg = Debug|Any CPU
		{4E89C012-B3E2-425F-9EAA-05B21D91E86D}.Debug|Any CPU.Build.0 = Debug|Any CPU
		{4E89C012-B3E2-425F-9EAA-05B21D91E86D}.Release|Any CPU.ActiveCfg = Release|Any CPU
		{4E89C012-B3E2-425F-9EAA-05B21D91E86D}.Release|Any CPU.Build.0 = Release|Any CPU
	EndGlobalSection
	GlobalSection(SolutionProperties) = preSolution
		HideSolutionNode = FALSE
	EndGlobalSection
	GlobalSection(ExtensibilityGlobals) = postSolution
		SolutionGuid = {AB429C2F-7103-4A5E-8E27-DDDB733D7598}
	EndGlobalSection
EndGlobal
